
Microsoft Visual Studio Solution File, Format Version 12.00
# Visual Studio Version 17
VisualStudioVersion = 17.7.34003.232
MinimumVisualStudioVersion = 10.0.40219.1
Project("{FAE04EC0-301F-11D3-BF4B-00C04F79EFBC}") = "ScreenDesigner.Infrastracture", "ScreenDesigner.Infrastracture\ScreenDesigner.Infrastracture.csproj", "{57BDE021-7468-4159-A877-90808FC0647C}"
EndProject
Project("{FAE04EC0-301F-11D3-BF4B-00C04F79EFBC}") = "ScreenDesigner.Domain", "ScreenDesigner.Domain\ScreenDesigner.Domain.csproj", "{300E35C2-6E86-4216-9271-A19945423DD5}"
EndProject
Project("{FAE04EC0-301F-11D3-BF4B-00C04F79EFBC}") = "ScreeDesigner.API", "ScreeDesigner.API\ScreeDesigner.API.csproj", "{A98B962C-C1A6-425A-88FA-A1029089B632}"
EndProject
Global
	GlobalSection(SolutionConfigurationPlatforms) = preSolution
		Debug|Any CPU = Debug|Any CPU
		Release|Any CPU = Release|Any CPU
	EndGlobalSection
	GlobalSection(ProjectConfigurationPlatforms) = postSolution
		{57BDE021-7468-4159-A877-90808FC0647C}.Debug|Any CPU.ActiveCfg = Debug|Any CPU
		{57BDE021-7468-4159-A877-90808FC0647C}.Debug|Any CPU.Build.0 = Debug|Any CPU
		{57BDE021-7468-4159-A877-90808FC0647C}.Release|Any CPU.ActiveCfg = Release|Any CPU
		{57BDE021-7468-4159-A877-90808FC0647C}.Release|Any CPU.Build.0 = Release|Any CPU
		{300E35C2-6E86-4216-9271-A19945423DD5}.Debug|Any CPU.ActiveCfg = Debug|Any CPU
		{300E35C2-6E86-4216-9271-A19945423DD5}.Debug|Any CPU.Build.0 = Debug|Any CPU
		{300E35C2-6E86-4216-9271-A19945423DD5}.Release|Any CPU.ActiveCfg = Release|Any CPU
		{300E35C2-6E86-4216-9271-A19945423DD5}.Release|Any CPU.Build.0 = Release|Any CPU
		{A98B962C-C1A6-425A-88FA-A1029089B632}.Debug|Any CPU.ActiveCfg = Debug|Any CPU
		{A98B962C-C1A6-425A-88FA-A1029089B632}.Debug|Any CPU.Build.0 = Debug|Any CPU
		{A98B962C-C1A6-425A-88FA-A1029089B632}.Release|Any CPU.ActiveCfg = Release|Any CPU
		{A98B962C-C1A6-425A-88FA-A1029089B632}.Release|Any CPU.Build.0 = Release|Any CPU
	EndGlobalSection
	GlobalSection(SolutionProperties) = preSolution
		HideSolutionNode = FALSE
	EndGlobalSection
	GlobalSection(ExtensibilityGlobals) = postSolution
		SolutionGuid = {507DDB09-74F5-4D46-848D-95F79DD4C9DC}
	EndGlobalSection
EndGlobal
